
Microsoft Visual Studio Solution File, Format Version 12.00
# Visual Studio 14
VisualStudioVersion = 14.0.25123.0
MinimumVisualStudioVersion = 10.0.40219.1
Project("{FAE04EC0-301F-11D3-BF4B-00C04F79EFBC}") = "Baseball_Odds_Analytics", "Baseball_Odds_Analytics\Baseball_Odds_Analytics.csproj", "{46934AC1-8AD7-4AF8-A508-130278BF7A2A}"
EndProject
Project("{FAE04EC0-301F-11D3-BF4B-00C04F79EFBC}") = "Baseball_Odds_Analytics.Tests", "Baseball_Odds_Analytics.Tests\Baseball_Odds_Analytics.Tests.csproj", "{056220E8-45D5-4EC5-B4D5-E9F12E85E7B0}"
EndProject
Global
	GlobalSection(SolutionConfigurationPlatforms) = preSolution
		Debug|Any CPU = Debug|Any CPU
		Release|Any CPU = Release|Any CPU
	EndGlobalSection
	GlobalSection(ProjectConfigurationPlatforms) = postSolution
		{46934AC1-8AD7-4AF8-A508-130278BF7A2A}.Debug|Any CPU.ActiveCfg = Debug|Any CPU
		{46934AC1-8AD7-4AF8-A508-130278BF7A2A}.Debug|Any CPU.Build.0 = Debug|Any CPU
		{46934AC1-8AD7-4AF8-A508-130278BF7A2A}.Release|Any CPU.ActiveCfg = Release|Any CPU
		{46934AC1-8AD7-4AF8-A508-130278BF7A2A}.Release|Any CPU.Build.0 = Release|Any CPU
		{056220E8-45D5-4EC5-B4D5-E9F12E85E7B0}.Debug|Any CPU.ActiveCfg = Debug|Any CPU
		{056220E8-45D5-4EC5-B4D5-E9F12E85E7B0}.Debug|Any CPU.Build.0 = Debug|Any CPU
		{056220E8-45D5-4EC5-B4D5-E9F12E85E7B0}.Release|Any CPU.ActiveCfg = Release|Any CPU
		{056220E8-45D5-4EC5-B4D5-E9F12E85E7B0}.Release|Any CPU.Build.0 = Release|Any CPU
	EndGlobalSection
	GlobalSection(SolutionProperties) = preSolution
		HideSolutionNode = FALSE
	EndGlobalSection
EndGlobal
